
Microsoft Visual Studio Solution File, Format Version 12.00
# Visual Studio Version 16
VisualStudioVersion = 16.0.30717.126
MinimumVisualStudioVersion = 10.0.40219.1
Project("{FAE04EC0-301F-11D3-BF4B-00C04F79EFBC}") = "CS_Intro", "CS_Intro.csproj", "{BBAFF1B2-398D-450B-B4B0-AE985632F870}"
EndProject
Global
	GlobalSection(SolutionConfigurationPlatforms) = preSolution
		Debug|Any CPU = Debug|Any CPU
		Release|Any CPU = Release|Any CPU
	EndGlobalSection
	GlobalSection(ProjectConfigurationPlatforms) = postSolution
		{BBAFF1B2-398D-450B-B4B0-AE985632F870}.Debug|Any CPU.ActiveCfg = Debug|Any CPU
		{BBAFF1B2-398D-450B-B4B0-AE985632F870}.Debug|Any CPU.Build.0 = Debug|Any CPU
		{BBAFF1B2-398D-450B-B4B0-AE985632F870}.Release|Any CPU.ActiveCfg = Release|Any CPU
		{BBAFF1B2-398D-450B-B4B0-AE985632F870}.Release|Any CPU.Build.0 = Release|Any CPU
	EndGlobalSection
	GlobalSection(SolutionProperties) = preSolution
		HideSolutionNode = FALSE
	EndGlobalSection
	GlobalSection(ExtensibilityGlobals) = postSolution
		SolutionGuid = {AA954C99-7840-4A70-A398-AE0E8823183A}
	EndGlobalSection
EndGlobal
